
Microsoft Visual Studio Solution File, Format Version 12.00
# Visual Studio Version 17
VisualStudioVersion = 17.7.34031.279
MinimumVisualStudioVersion = 10.0.40219.1
Project("{2150E333-8FDC-42A3-9474-1A3956D46DE8}") = "UI.Component", "UI.Component", "{BC6E6EBC-AED2-4E36-8D60-3A608AE21649}"
EndProject
Project("{2150E333-8FDC-42A3-9474-1A3956D46DE8}") = "Core", "Core", "{920FFD3B-92AC-4196-8C0B-C135D09DBB9A}"
EndProject
Project("{2150E333-8FDC-42A3-9474-1A3956D46DE8}") = "Providers", "Providers", "{D92D5F24-BFAD-452F-9AED-99D909D42F2A}"
EndProject
Project("{FAE04EC0-301F-11D3-BF4B-00C04F79EFBC}") = "ShellApp", "ShellApp\ShellApp.csproj", "{FC356223-1B4D-4C43-AF7D-7329C807736F}"
EndProject
Project("{FAE04EC0-301F-11D3-BF4B-00C04F79EFBC}") = "UI.Component.Config", "UI.Component.Config\UI.Component.Config.csproj", "{6075BEDB-0434-4085-9CE4-544A96CC7882}"
EndProject
Project("{FAE04EC0-301F-11D3-BF4B-00C04F79EFBC}") = "UI.Component.Login", "UI.Component.Login\UI.Component.Login.csproj", "{A801E609-AC03-4F31-A2B6-0E8DAB4ADE6B}"
EndProject
Project("{FAE04EC0-301F-11D3-BF4B-00C04F79EFBC}") = "UI.Component.Main", "UI.Component.Main\UI.Component.Main.csproj", "{3897FD58-A258-4C58-B7A2-86D6ACA4757C}"
EndProject
Project("{FAE04EC0-301F-11D3-BF4B-00C04F79EFBC}") = "UI.Component.Share", "UI.Component.Share\UI.Component.Share.csproj", "{AA2912A4-17FD-410E-B84B-0F4DA9B0C7EA}"
EndProject
Project("{FAE04EC0-301F-11D3-BF4B-00C04F79EFBC}") = "UI.Component.Dashboard", "UI.Component.Index\UI.Component.Dashboard.csproj", "{A40E4CA4-9F83-4CEF-A37A-0ED1BCE7F0B7}"
EndProject
Project("{FAE04EC0-301F-11D3-BF4B-00C04F79EFBC}") = "Core.Tools", "Core.Tools\Core.Tools.csproj", "{332708DA-2DCF-4119-A067-40B4226B34FC}"
EndProject
Project("{FAE04EC0-301F-11D3-BF4B-00C04F79EFBC}") = "Persistence.MySQL", "Persistence.MySQL\Persistence.MySQL.csproj", "{4ECF1848-18F6-45A6-A1B5-AF413C66E3AD}"
EndProject
Project("{FAE04EC0-301F-11D3-BF4B-00C04F79EFBC}") = "Persistence.Sqlite", "Persistence.Sqlite\Persistence.Sqlite.csproj", "{49FC4054-1784-4698-BAEC-279E8AC563B7}"
EndProject
Project("{FAE04EC0-301F-11D3-BF4B-00C04F79EFBC}") = "Core", "Core\Core.csproj", "{712C65CF-4FFB-46B1-8039-A19BBB02760A}"
EndProject
Project("{FAE04EC0-301F-11D3-BF4B-00C04F79EFBC}") = "UI.Component.Charts", "UI.Component.Charts\UI.Component.Charts.csproj", "{011A5FA4-195D-4CF1-BE2C-967FB0BA28A6}"
EndProject
Project("{FAE04EC0-301F-11D3-BF4B-00C04F79EFBC}") = "Core.UI", "Core.UI1\Core.UI.csproj", "{B4ECE2EB-CB76-4623-A067-9A4F2ECF52D1}"
EndProject
Project("{FAE04EC0-301F-11D3-BF4B-00C04F79EFBC}") = "UI.Conponent.FaceDetection", "UI.Conponent.FaceDetection\UI.Conponent.FaceDetection.csproj", "{63A1C451-C2FC-431F-A447-C388392561F4}"
EndProject
Project("{FAE04EC0-301F-11D3-BF4B-00C04F79EFBC}") = "Persistence.EntityFramework", "Persistence.EntityFramework\Persistence.EntityFramework.csproj", "{08182BBC-1C6E-4AFA-B211-0815D113A9CB}"
EndProject
Global
	GlobalSection(SolutionConfigurationPlatforms) = preSolution
		Debug|Any CPU = Debug|Any CPU
		Release|Any CPU = Release|Any CPU
	EndGlobalSection
	GlobalSection(ProjectConfigurationPlatforms) = postSolution
		{FC356223-1B4D-4C43-AF7D-7329C807736F}.Debug|Any CPU.ActiveCfg = Debug|Any CPU
		{FC356223-1B4D-4C43-AF7D-7329C807736F}.Debug|Any CPU.Build.0 = Debug|Any CPU
		{FC356223-1B4D-4C43-AF7D-7329C807736F}.Release|Any CPU.ActiveCfg = Release|Any CPU
		{FC356223-1B4D-4C43-AF7D-7329C807736F}.Release|Any CPU.Build.0 = Release|Any CPU
		{6075BEDB-0434-4085-9CE4-544A96CC7882}.Debug|Any CPU.ActiveCfg = Debug|Any CPU
		{6075BEDB-0434-4085-9CE4-544A96CC7882}.Debug|Any CPU.Build.0 = Debug|Any CPU
		{6075BEDB-0434-4085-9CE4-544A96CC7882}.Release|Any CPU.ActiveCfg = Release|Any CPU
		{6075BEDB-0434-4085-9CE4-544A96CC7882}.Release|Any CPU.Build.0 = Release|Any CPU
		{A801E609-AC03-4F31-A2B6-0E8DAB4ADE6B}.Debug|Any CPU.ActiveCfg = Debug|Any CPU
		{A801E609-AC03-4F31-A2B6-0E8DAB4ADE6B}.Debug|Any CPU.Build.0 = Debug|Any CPU
		{A801E609-AC03-4F31-A2B6-0E8DAB4ADE6B}.Release|Any CPU.ActiveCfg = Release|Any CPU
		{A801E609-AC03-4F31-A2B6-0E8DAB4ADE6B}.Release|Any CPU.Build.0 = Release|Any CPU
		{3897FD58-A258-4C58-B7A2-86D6ACA4757C}.Debug|Any CPU.ActiveCfg = Debug|Any CPU
		{3897FD58-A258-4C58-B7A2-86D6ACA4757C}.Debug|Any CPU.Build.0 = Debug|Any CPU
		{3897FD58-A258-4C58-B7A2-86D6ACA4757C}.Release|Any CPU.ActiveCfg = Release|Any CPU
		{3897FD58-A258-4C58-B7A2-86D6ACA4757C}.Release|Any CPU.Build.0 = Release|Any CPU
		{AA2912A4-17FD-410E-B84B-0F4DA9B0C7EA}.Debug|Any CPU.ActiveCfg = Debug|Any CPU
		{AA2912A4-17FD-410E-B84B-0F4DA9B0C7EA}.Debug|Any CPU.Build.0 = Debug|Any CPU
		{AA2912A4-17FD-410E-B84B-0F4DA9B0C7EA}.Release|Any CPU.ActiveCfg = Release|Any CPU
		{AA2912A4-17FD-410E-B84B-0F4DA9B0C7EA}.Release|Any CPU.Build.0 = Release|Any CPU
		{A40E4CA4-9F83-4CEF-A37A-0ED1BCE7F0B7}.Debug|Any CPU.ActiveCfg = Debug|Any CPU
		{A40E4CA4-9F83-4CEF-A37A-0ED1BCE7F0B7}.Debug|Any CPU.Build.0 = Debug|Any CPU
		{A40E4CA4-9F83-4CEF-A37A-0ED1BCE7F0B7}.Release|Any CPU.ActiveCfg = Release|Any CPU
		{A40E4CA4-9F83-4CEF-A37A-0ED1BCE7F0B7}.Release|Any CPU.Build.0 = Release|Any CPU
		{332708DA-2DCF-4119-A067-40B4226B34FC}.Debug|Any CPU.ActiveCfg = Debug|Any CPU
		{332708DA-2DCF-4119-A067-40B4226B34FC}.Debug|Any CPU.Build.0 = Debug|Any CPU
		{332708DA-2DCF-4119-A067-40B4226B34FC}.Release|Any CPU.ActiveCfg = Release|Any CPU
		{332708DA-2DCF-4119-A067-40B4226B34FC}.Release|Any CPU.Build.0 = Release|Any CPU
		{4ECF1848-18F6-45A6-A1B5-AF413C66E3AD}.Debug|Any CPU.ActiveCfg = Debug|Any CPU
		{4ECF1848-18F6-45A6-A1B5-AF413C66E3AD}.Debug|Any CPU.Build.0 = Debug|Any CPU
		{4ECF1848-18F6-45A6-A1B5-AF413C66E3AD}.Release|Any CPU.ActiveCfg = Release|Any CPU
		{4ECF1848-18F6-45A6-A1B5-AF413C66E3AD}.Release|Any CPU.Build.0 = Release|Any CPU
		{49FC4054-1784-4698-BAEC-279E8AC563B7}.Debug|Any CPU.ActiveCfg = Debug|Any CPU
		{49FC4054-1784-4698-BAEC-279E8AC563B7}.Debug|Any CPU.Build.0 = Debug|Any CPU
		{49FC4054-1784-4698-BAEC-279E8AC563B7}.Release|Any CPU.ActiveCfg = Release|Any CPU
		{49FC4054-1784-4698-BAEC-279E8AC563B7}.Release|Any CPU.Build.0 = Release|Any CPU
		{712C65CF-4FFB-46B1-8039-A19BBB02760A}.Debug|Any CPU.ActiveCfg = Debug|Any CPU
		{712C65CF-4FFB-46B1-8039-A19BBB02760A}.Debug|Any CPU.Build.0 = Debug|Any CPU
		{712C65CF-4FFB-46B1-8039-A19BBB02760A}.Release|Any CPU.ActiveCfg = Release|Any CPU
		{712C65CF-4FFB-46B1-8039-A19BBB02760A}.Release|Any CPU.Build.0 = Release|Any CPU
		{011A5FA4-195D-4CF1-BE2C-967FB0BA28A6}.Debug|Any CPU.ActiveCfg = Debug|Any CPU
		{011A5FA4-195D-4CF1-BE2C-967FB0BA28A6}.Debug|Any CPU.Build.0 = Debug|Any CPU
		{011A5FA4-195D-4CF1-BE2C-967FB0BA28A6}.Release|Any CPU.ActiveCfg = Release|Any CPU
		{011A5FA4-195D-4CF1-BE2C-967FB0BA28A6}.Release|Any CPU.Build.0 = Release|Any CPU
		{B4ECE2EB-CB76-4623-A067-9A4F2ECF52D1}.Debug|Any CPU.ActiveCfg = Debug|Any CPU
		{B4ECE2EB-CB76-4623-A067-9A4F2ECF52D1}.Debug|Any CPU.Build.0 = Debug|Any CPU
		{B4ECE2EB-CB76-4623-A067-9A4F2ECF52D1}.Release|Any CPU.ActiveCfg = Release|Any CPU
		{B4ECE2EB-CB76-4623-A067-9A4F2ECF52D1}.Release|Any CPU.Build.0 = Release|Any CPU
		{63A1C451-C2FC-431F-A447-C388392561F4}.Debug|Any CPU.ActiveCfg = Debug|Any CPU
		{63A1C451-C2FC-431F-A447-C388392561F4}.Debug|Any CPU.Build.0 = Debug|Any CPU
		{63A1C451-C2FC-431F-A447-C388392561F4}.Release|Any CPU.ActiveCfg = Release|Any CPU
		{63A1C451-C2FC-431F-A447-C388392561F4}.Release|Any CPU.Build.0 = Release|Any CPU
		{08182BBC-1C6E-4AFA-B211-0815D113A9CB}.Debug|Any CPU.ActiveCfg = Debug|Any CPU
		{08182BBC-1C6E-4AFA-B211-0815D113A9CB}.Debug|Any CPU.Build.0 = Debug|Any CPU
		{08182BBC-1C6E-4AFA-B211-0815D113A9CB}.Release|Any CPU.ActiveCfg = Release|Any CPU
		{08182BBC-1C6E-4AFA-B211-0815D113A9CB}.Release|Any CPU.Build.0 = Release|Any CPU
	EndGlobalSection
	GlobalSection(SolutionProperties) = preSolution
		HideSolutionNode = FALSE
	EndGlobalSection
	GlobalSection(NestedProjects) = preSolution
		{6075BEDB-0434-4085-9CE4-544A96CC7882} = {BC6E6EBC-AED2-4E36-8D60-3A608AE21649}
		{A801E609-AC03-4F31-A2B6-0E8DAB4ADE6B} = {BC6E6EBC-AED2-4E36-8D60-3A608AE21649}
		{3897FD58-A258-4C58-B7A2-86D6ACA4757C} = {BC6E6EBC-AED2-4E36-8D60-3A608AE21649}
		{AA2912A4-17FD-410E-B84B-0F4DA9B0C7EA} = {BC6E6EBC-AED2-4E36-8D60-3A608AE21649}
		{A40E4CA4-9F83-4CEF-A37A-0ED1BCE7F0B7} = {BC6E6EBC-AED2-4E36-8D60-3A608AE21649}
		{332708DA-2DCF-4119-A067-40B4226B34FC} = {920FFD3B-92AC-4196-8C0B-C135D09DBB9A}
		{4ECF1848-18F6-45A6-A1B5-AF413C66E3AD} = {D92D5F24-BFAD-452F-9AED-99D909D42F2A}
		{49FC4054-1784-4698-BAEC-279E8AC563B7} = {D92D5F24-BFAD-452F-9AED-99D909D42F2A}
		{712C65CF-4FFB-46B1-8039-A19BBB02760A} = {920FFD3B-92AC-4196-8C0B-C135D09DBB9A}
		{011A5FA4-195D-4CF1-BE2C-967FB0BA28A6} = {BC6E6EBC-AED2-4E36-8D60-3A608AE21649}
		{B4ECE2EB-CB76-4623-A067-9A4F2ECF52D1} = {920FFD3B-92AC-4196-8C0B-C135D09DBB9A}
		{63A1C451-C2FC-431F-A447-C388392561F4} = {BC6E6EBC-AED2-4E36-8D60-3A608AE21649}
		{08182BBC-1C6E-4AFA-B211-0815D113A9CB} = {D92D5F24-BFAD-452F-9AED-99D909D42F2A}
	EndGlobalSection
	GlobalSection(ExtensibilityGlobals) = postSolution
		SolutionGuid = {27C336A9-5122-437F-B3EC-F354AFEDE3EA}
	EndGlobalSection
EndGlobal
